
Microsoft Visual Studio Solution File, Format Version 12.00
# Visual Studio Version 17
VisualStudioVersion = 17.13.35825.156 d17.13
MinimumVisualStudioVersion = 10.0.40219.1
Project("{FAE04EC0-301F-11D3-BF4B-00C04F79EFBC}") = "WeatherApp", "WeatherApp\WeatherApp.csproj", "{B7729F11-957E-4854-8D5C-7EA25BF9EFC1}"
EndProject
Global
	GlobalSection(SolutionConfigurationPlatforms) = preSolution
		Debug|Any CPU = Debug|Any CPU
		Release|Any CPU = Release|Any CPU
	EndGlobalSection
	GlobalSection(ProjectConfigurationPlatforms) = postSolution
		{B7729F11-957E-4854-8D5C-7EA25BF9EFC1}.Debug|Any CPU.ActiveCfg = Debug|Any CPU
		{B7729F11-957E-4854-8D5C-7EA25BF9EFC1}.Debug|Any CPU.Build.0 = Debug|Any CPU
		{B7729F11-957E-4854-8D5C-7EA25BF9EFC1}.Release|Any CPU.ActiveCfg = Release|Any CPU
		{B7729F11-957E-4854-8D5C-7EA25BF9EFC1}.Release|Any CPU.Build.0 = Release|Any CPU
	EndGlobalSection
	GlobalSection(SolutionProperties) = preSolution
		HideSolutionNode = FALSE
	EndGlobalSection
	GlobalSection(ExtensibilityGlobals) = postSolution
		SolutionGuid = {465CFCE1-EBC7-43F7-99AF-9D3CF657D714}
	EndGlobalSection
EndGlobal
